
Microsoft Visual Studio Solution File, Format Version 12.00
# Visual Studio Version 17
VisualStudioVersion = 17.2.32526.322
MinimumVisualStudioVersion = 10.0.40219.1
Project("{FAE04EC0-301F-11D3-BF4B-00C04F79EFBC}") = "Deliverable2", "Deliverable2\Deliverable2.csproj", "{BD5CC9FE-096D-44FB-B15A-5613B4D9FB87}"
EndProject
Global
	GlobalSection(SolutionConfigurationPlatforms) = preSolution
		Debug|Any CPU = Debug|Any CPU
		Release|Any CPU = Release|Any CPU
	EndGlobalSection
	GlobalSection(ProjectConfigurationPlatforms) = postSolution
		{BD5CC9FE-096D-44FB-B15A-5613B4D9FB87}.Debug|Any CPU.ActiveCfg = Debug|Any CPU
		{BD5CC9FE-096D-44FB-B15A-5613B4D9FB87}.Debug|Any CPU.Build.0 = Debug|Any CPU
		{BD5CC9FE-096D-44FB-B15A-5613B4D9FB87}.Release|Any CPU.ActiveCfg = Release|Any CPU
		{BD5CC9FE-096D-44FB-B15A-5613B4D9FB87}.Release|Any CPU.Build.0 = Release|Any CPU
	EndGlobalSection
	GlobalSection(SolutionProperties) = preSolution
		HideSolutionNode = FALSE
	EndGlobalSection
	GlobalSection(ExtensibilityGlobals) = postSolution
		SolutionGuid = {E65BFA98-8523-43DD-9EFC-3C70BE438089}
	EndGlobalSection
EndGlobal
